{
  "name": "1",
  "version": "1.0.0",
  "lockfileVersion": 1,
  "requires": true,
  "dependencies": {
    "@types/node": {
      "version": "12.12.15",
      "resolved": "https://registry.npmjs.org/@types/node/-/node-12.12.15.tgz",
      "integrity": "sha512-Pv+vWicyFd07Hw/SmNnTUguqrHgDfMtjabvD9sQyxeqbpCEg8CmViLBaVPHtNsoBgZECrRf5/pgV6FJIBrGSjw==",
      "dev": true
    },
    "typescript": {
      "version": "3.7.3",
      "resolved": "https://registry.npmjs.org/typescript/-/typescript-3.7.3.tgz",
      "integrity": "sha512-Mcr/Qk7hXqFBXMN7p7Lusj1ktCBydylfQM/FZCk5glCNQJrCUKPkMHdo9R0MTFWsC/4kPFvDS0fDPvukfCkFsw==",
      "dev": true
    }
  }
}
